
Microsoft Visual Studio Solution File, Format Version 12.00
# Visual Studio Version 16
VisualStudioVersion = 16.0.30523.141
MinimumVisualStudioVersion = 10.0.40219.1
Project("{FAE04EC0-301F-11D3-BF4B-00C04F79EFBC}") = "Tamagochi", "Tamagochi.csproj", "{D594BC69-DDCF-4149-B7C8-BA476A418089}"
EndProject
Global
	GlobalSection(SolutionConfigurationPlatforms) = preSolution
		Debug|Any CPU = Debug|Any CPU
		Release|Any CPU = Release|Any CPU
	EndGlobalSection
	GlobalSection(ProjectConfigurationPlatforms) = postSolution
		{D594BC69-DDCF-4149-B7C8-BA476A418089}.Debug|Any CPU.ActiveCfg = Debug|Any CPU
		{D594BC69-DDCF-4149-B7C8-BA476A418089}.Debug|Any CPU.Build.0 = Debug|Any CPU
		{D594BC69-DDCF-4149-B7C8-BA476A418089}.Debug|Any CPU.Deploy.0 = Debug|Any CPU
		{D594BC69-DDCF-4149-B7C8-BA476A418089}.Release|Any CPU.ActiveCfg = Release|Any CPU
		{D594BC69-DDCF-4149-B7C8-BA476A418089}.Release|Any CPU.Build.0 = Release|Any CPU
		{D594BC69-DDCF-4149-B7C8-BA476A418089}.Release|Any CPU.Deploy.0 = Release|Any CPU
	EndGlobalSection
	GlobalSection(SolutionProperties) = preSolution
		HideSolutionNode = FALSE
	EndGlobalSection
	GlobalSection(ExtensibilityGlobals) = postSolution
		SolutionGuid = {7C3E03D6-28FC-4A10-8B21-99DB946CC86D}
	EndGlobalSection
EndGlobal
